{
  "name": "blackhole",
  "version": "1.0.0",
  "lockfileVersion": 1,
  "requires": true,
  "dependencies": {
    "async-duamelo": {
      "version": "1.0.0",
      "resolved": "https://registry.npmjs.org/async-duamelo/-/async-duamelo-1.0.0.tgz",
      "integrity": "sha512-H8sMnhIzD6BXWo8scBFRMSXg2bu/1vQqPvRQcVMsKtY0utKJ/jgfi702ZHURh2W5zBnrAwAKF7Cq0HAGUpSQIQ=="
    }
  }
}
